
Microsoft Visual Studio Solution File, Format Version 12.00
# Visual Studio Version 16
VisualStudioVersion = 16.0.31729.503
MinimumVisualStudioVersion = 10.0.40219.1
Project("{FAE04EC0-301F-11D3-BF4B-00C04F79EFBC}") = "SDDS.WebResources", "SDDS.WebResources\SDDS.WebResources.csproj", "{6BEFD179-EB56-47AC-B4B4-48278B498051}"
EndProject
Global
	GlobalSection(SolutionConfigurationPlatforms) = preSolution
		Debug|Any CPU = Debug|Any CPU
		Release|Any CPU = Release|Any CPU
	EndGlobalSection
	GlobalSection(ProjectConfigurationPlatforms) = postSolution
		{6BEFD179-EB56-47AC-B4B4-48278B498051}.Debug|Any CPU.ActiveCfg = Debug|Any CPU
		{6BEFD179-EB56-47AC-B4B4-48278B498051}.Debug|Any CPU.Build.0 = Debug|Any CPU
		{6BEFD179-EB56-47AC-B4B4-48278B498051}.Release|Any CPU.ActiveCfg = Release|Any CPU
		{6BEFD179-EB56-47AC-B4B4-48278B498051}.Release|Any CPU.Build.0 = Release|Any CPU
	EndGlobalSection
	GlobalSection(SolutionProperties) = preSolution
		HideSolutionNode = FALSE
	EndGlobalSection
	GlobalSection(ExtensibilityGlobals) = postSolution
		SolutionGuid = {B53ECC6F-7FEA-4DFA-BD86-D8354EFFD7F9}
	EndGlobalSection
EndGlobal
